
Microsoft Visual Studio Solution File, Format Version 12.00
# Visual Studio 2012
Project("{FAE04EC0-301F-11D3-BF4B-00C04F79EFBC}") = "PubliEventos.Web", "PubliEventos.Web\PubliEventos.Web.csproj", "{2C5B1526-44CD-4BF7-B1A3-FED6900F961B}"
EndProject
Project("{FAE04EC0-301F-11D3-BF4B-00C04F79EFBC}") = "PubliEventos.DataAccess", "PubliEventos.DataAccess\PubliEventos.DataAccess.csproj", "{532E03B2-580D-423A-B1BB-78B80EDEA718}"
EndProject
Global
	GlobalSection(SolutionConfigurationPlatforms) = preSolution
		Debug|Any CPU = Debug|Any CPU
		Release|Any CPU = Release|Any CPU
	EndGlobalSection
	GlobalSection(ProjectConfigurationPlatforms) = postSolution
		{2C5B1526-44CD-4BF7-B1A3-FED6900F961B}.Debug|Any CPU.ActiveCfg = Debug|Any CPU
		{2C5B1526-44CD-4BF7-B1A3-FED6900F961B}.Debug|Any CPU.Build.0 = Debug|Any CPU
		{2C5B1526-44CD-4BF7-B1A3-FED6900F961B}.Release|Any CPU.ActiveCfg = Release|Any CPU
		{2C5B1526-44CD-4BF7-B1A3-FED6900F961B}.Release|Any CPU.Build.0 = Release|Any CPU
		{532E03B2-580D-423A-B1BB-78B80EDEA718}.Debug|Any CPU.ActiveCfg = Debug|Any CPU
		{532E03B2-580D-423A-B1BB-78B80EDEA718}.Debug|Any CPU.Build.0 = Debug|Any CPU
		{532E03B2-580D-423A-B1BB-78B80EDEA718}.Release|Any CPU.ActiveCfg = Release|Any CPU
		{532E03B2-580D-423A-B1BB-78B80EDEA718}.Release|Any CPU.Build.0 = Release|Any CPU
	EndGlobalSection
	GlobalSection(SolutionProperties) = preSolution
		HideSolutionNode = FALSE
	EndGlobalSection
EndGlobal
